<?xml version="1.0" encoding="utf-8"?>
<Project ToolsVersion="4.0" xmlns="http://schemas.microsoft.com/developer/msbuild/2003">
  <ItemGroup>
    <Filter Include="Source Files">
      <UniqueIdentifier>{4FC737F1-C7A5-4376-A066-2A32D752A2FF}</UniqueIdentifier>
      <Extensions>cpp;c;cc;cxx;def;odl;idl;hpj;bat;asm;asmx</Extensions>
    </Filter>
    <Filter Include="Header Files">
      <UniqueIdentifier>{93995380-89BD-4b04-88EB-625FBE52EBFB}</UniqueIdentifier>
      <Extensions>h;hh;hpp;hxx;hm;inl;inc;xsd</Extensions>
    </Filter>
    <Filter Include="Resource Files">
      <UniqueIdentifier>{67DA6AB6-F800-4c08-8B7A-83BB121AAD01}</UniqueIdentifier>
      <Extensions>rc;ico;cur;bmp;dlg;rc2;rct;bin;rgs;gif;jpg;jpeg;jpe;resx;tiff;tif;png;wav;mfcribbon-ms</Extensions>
    </Filter>
  </ItemGroup>
  <ItemGroup>
    <Text Include="ReadMe.txt" />
  </ItemGroup>
  <ItemGroup>
    <ClInclude Include="stdafx.h">
      <Filter>Header Files</Filter>
    </ClInclude>
    <ClInclude Include="targetver.h">
      <Filter>Header Files</Filter>
    </ClInclude>
    <ClInclude Include="TMusica.h">
      <Filter>Header Files</Filter>
    </ClInclude>
    <ClInclude Include="TElemento.h">
      <Filter>Header Files</Filter>
    </ClInclude>
    <ClInclude Include="TLista.h">
      <Filter>Header Files</Filter>
    </ClInclude>
    <ClInclude Include="inicializar.h">
      <Filter>Header Files</Filter>
    </ClInclude>
    <ClInclude Include="inserirInicio.h">
      <Filter>Header Files</Filter>
    </ClInclude>
    <ClInclude Include="inserirFim.h">
      <Filter>Header Files</Filter>
    </ClInclude>
    <ClInclude Include="inserirPosicao.h">
      <Filter>Header Files</Filter>
    </ClInclude>
    <ClInclude Include="removerInicio.h">
      <Filter>Header Files</Filter>
    </ClInclude>
    <ClInclude Include="removerFim.h">
      <Filter>Header Files</Filter>
    </ClInclude>
    <ClInclude Include="removerPosicao.h">
      <Filter>Header Files</Filter>
    </ClInclude>
    <ClInclude Include="imprimir.h">
      <Filter>Header Files</Filter>
    </ClInclude>
    <ClInclude Include="obterIndice.h">
      <Filter>Header Files</Filter>
    </ClInclude>
    <ClInclude Include="obterMusica.h">
      <Filter>Header Files</Filter>
    </ClInclude>
    <ClInclude Include="menu.h">
      <Filter>Header Files</Filter>
    </ClInclude>
    <ClInclude Include="bubbleSort.h">
      <Filter>Header Files</Filter>
    </ClInclude>
    <ClInclude Include="mergeSort.h">
      <Filter>Header Files</Filter>
    </ClInclude>
  </ItemGroup>
  <ItemGroup>
    <ClCompile Include="stdafx.cpp">
      <Filter>Source Files</Filter>
    </ClCompile>
    <ClCompile Include="ListaEncadeada.cpp">
      <Filter>Source Files</Filter>
    </ClCompile>
    <ClCompile Include="inicializar.cpp">
      <Filter>Source Files</Filter>
    </ClCompile>
    <ClCompile Include="inserirInicio.cpp">
      <Filter>Source Files</Filter>
    </ClCompile>
    <ClCompile Include="inserirFim.cpp">
      <Filter>Source Files</Filter>
    </ClCompile>
    <ClCompile Include="inserirPosicao.cpp">
      <Filter>Source Files</Filter>
    </ClCompile>
    <ClCompile Include="removerInicio.cpp">
      <Filter>Source Files</Filter>
    </ClCompile>
    <ClCompile Include="removerFim.cpp">
      <Filter>Source Files</Filter>
    </ClCompile>
    <ClCompile Include="removerPosicao.cpp">
      <Filter>Source Files</Filter>
    </ClCompile>
    <ClCompile Include="imprimir.cpp">
      <Filter>Source Files</Filter>
    </ClCompile>
    <ClCompile Include="obterIndice.cpp">
      <Filter>Source Files</Filter>
    </ClCompile>
    <ClCompile Include="obterMusica.cpp">
      <Filter>Source Files</Filter>
    </ClCompile>
    <ClCompile Include="menu.cpp">
      <Filter>Source Files</Filter>
    </ClCompile>
    <ClCompile Include="bubbleSort.cpp">
      <Filter>Source Files</Filter>
    </ClCompile>
    <ClCompile Include="mergeSort.cpp">
      <Filter>Source Files</Filter>
    </ClCompile>
  </ItemGroup>
</Project>